
Microsoft Visual Studio Solution File, Format Version 12.00
# Visual Studio Version 17
VisualStudioVersion = 17.14.36408.4 d17.14
MinimumVisualStudioVersion = 10.0.40219.1
Project("{FAE04EC0-301F-11D3-BF4B-00C04F79EFBC}") = "GymDesktopApp", "GymDesktopApp\GymDesktopApp.csproj", "{F03C7307-07AB-4B89-A237-191F69D5A31C}"
EndProject
Global
	GlobalSection(SolutionConfigurationPlatforms) = preSolution
		Debug|Any CPU = Debug|Any CPU
		Release|Any CPU = Release|Any CPU
	EndGlobalSection
	GlobalSection(ProjectConfigurationPlatforms) = postSolution
		{F03C7307-07AB-4B89-A237-191F69D5A31C}.Debug|Any CPU.ActiveCfg = Debug|Any CPU
		{F03C7307-07AB-4B89-A237-191F69D5A31C}.Debug|Any CPU.Build.0 = Debug|Any CPU
		{F03C7307-07AB-4B89-A237-191F69D5A31C}.Release|Any CPU.ActiveCfg = Release|Any CPU
		{F03C7307-07AB-4B89-A237-191F69D5A31C}.Release|Any CPU.Build.0 = Release|Any CPU
	EndGlobalSection
	GlobalSection(SolutionProperties) = preSolution
		HideSolutionNode = FALSE
	EndGlobalSection
	GlobalSection(ExtensibilityGlobals) = postSolution
		SolutionGuid = {5B0E6C3D-8BED-4AE8-8589-1C9D60513EFC}
	EndGlobalSection
EndGlobal
